
Microsoft Visual Studio Solution File, Format Version 12.00
# Visual Studio Version 17
VisualStudioVersion = 17.6.33717.318
MinimumVisualStudioVersion = 10.0.40219.1
Project("{FAE04EC0-301F-11D3-BF4B-00C04F79EFBC}") = "SessionPractice11Lib", "SessionPractice11Lib\SessionPractice11Lib.csproj", "{1477E6F5-BA9D-40EF-996D-0BA3A21E268F}"
EndProject
Project("{FAE04EC0-301F-11D3-BF4B-00C04F79EFBC}") = "MethodsUnitTest", "MethodsUnitTest\MethodsUnitTest.csproj", "{099E6692-7395-450E-ABCC-3C3BF75C3DCF}"
EndProject
Global
	GlobalSection(SolutionConfigurationPlatforms) = preSolution
		Debug|Any CPU = Debug|Any CPU
		Release|Any CPU = Release|Any CPU
	EndGlobalSection
	GlobalSection(ProjectConfigurationPlatforms) = postSolution
		{1477E6F5-BA9D-40EF-996D-0BA3A21E268F}.Debug|Any CPU.ActiveCfg = Debug|Any CPU
		{1477E6F5-BA9D-40EF-996D-0BA3A21E268F}.Debug|Any CPU.Build.0 = Debug|Any CPU
		{1477E6F5-BA9D-40EF-996D-0BA3A21E268F}.Release|Any CPU.ActiveCfg = Release|Any CPU
		{1477E6F5-BA9D-40EF-996D-0BA3A21E268F}.Release|Any CPU.Build.0 = Release|Any CPU
		{099E6692-7395-450E-ABCC-3C3BF75C3DCF}.Debug|Any CPU.ActiveCfg = Debug|Any CPU
		{099E6692-7395-450E-ABCC-3C3BF75C3DCF}.Debug|Any CPU.Build.0 = Debug|Any CPU
		{099E6692-7395-450E-ABCC-3C3BF75C3DCF}.Release|Any CPU.ActiveCfg = Release|Any CPU
		{099E6692-7395-450E-ABCC-3C3BF75C3DCF}.Release|Any CPU.Build.0 = Release|Any CPU
	EndGlobalSection
	GlobalSection(SolutionProperties) = preSolution
		HideSolutionNode = FALSE
	EndGlobalSection
	GlobalSection(ExtensibilityGlobals) = postSolution
		SolutionGuid = {4EBEB22D-C3B8-49B6-A762-2AA9A827EF69}
	EndGlobalSection
EndGlobal
